
Microsoft Visual Studio Solution File, Format Version 12.00
# Visual Studio Version 17
VisualStudioVersion = 17.3.32929.385
MinimumVisualStudioVersion = 10.0.40219.1
Project("{FAE04EC0-301F-11D3-BF4B-00C04F79EFBC}") = "Core", "Core\Core.csproj", "{CEA61A98-EF74-4586-AB5F-FE560B819117}"
EndProject
Project("{FAE04EC0-301F-11D3-BF4B-00C04F79EFBC}") = "Repository", "Repository\Repository.csproj", "{9FAD62C1-BFB2-43CC-B369-8F35624AD099}"
EndProject
Project("{FAE04EC0-301F-11D3-BF4B-00C04F79EFBC}") = "Service", "Service\Service.csproj", "{57902373-CCDB-4BF2-9929-CA82D138DDB3}"
EndProject
Project("{FAE04EC0-301F-11D3-BF4B-00C04F79EFBC}") = "WEB", "WEB\WEB.csproj", "{9C02ADFC-AB9B-4D36-B5C9-38F89B182FD3}"
EndProject
Project("{FAE04EC0-301F-11D3-BF4B-00C04F79EFBC}") = "API", "API\API.csproj", "{8B22E068-71F4-4EC8-8508-4A3EFA4EA2BF}"
EndProject
Global
	GlobalSection(SolutionConfigurationPlatforms) = preSolution
		Debug|Any CPU = Debug|Any CPU
		Release|Any CPU = Release|Any CPU
	EndGlobalSection
	GlobalSection(ProjectConfigurationPlatforms) = postSolution
		{CEA61A98-EF74-4586-AB5F-FE560B819117}.Debug|Any CPU.ActiveCfg = Debug|Any CPU
		{CEA61A98-EF74-4586-AB5F-FE560B819117}.Debug|Any CPU.Build.0 = Debug|Any CPU
		{CEA61A98-EF74-4586-AB5F-FE560B819117}.Release|Any CPU.ActiveCfg = Release|Any CPU
		{CEA61A98-EF74-4586-AB5F-FE560B819117}.Release|Any CPU.Build.0 = Release|Any CPU
		{9FAD62C1-BFB2-43CC-B369-8F35624AD099}.Debug|Any CPU.ActiveCfg = Debug|Any CPU
		{9FAD62C1-BFB2-43CC-B369-8F35624AD099}.Debug|Any CPU.Build.0 = Debug|Any CPU
		{9FAD62C1-BFB2-43CC-B369-8F35624AD099}.Release|Any CPU.ActiveCfg = Release|Any CPU
		{9FAD62C1-BFB2-43CC-B369-8F35624AD099}.Release|Any CPU.Build.0 = Release|Any CPU
		{57902373-CCDB-4BF2-9929-CA82D138DDB3}.Debug|Any CPU.ActiveCfg = Debug|Any CPU
		{57902373-CCDB-4BF2-9929-CA82D138DDB3}.Debug|Any CPU.Build.0 = Debug|Any CPU
		{57902373-CCDB-4BF2-9929-CA82D138DDB3}.Release|Any CPU.ActiveCfg = Release|Any CPU
		{57902373-CCDB-4BF2-9929-CA82D138DDB3}.Release|Any CPU.Build.0 = Release|Any CPU
		{9C02ADFC-AB9B-4D36-B5C9-38F89B182FD3}.Debug|Any CPU.ActiveCfg = Debug|Any CPU
		{9C02ADFC-AB9B-4D36-B5C9-38F89B182FD3}.Debug|Any CPU.Build.0 = Debug|Any CPU
		{9C02ADFC-AB9B-4D36-B5C9-38F89B182FD3}.Release|Any CPU.ActiveCfg = Release|Any CPU
		{9C02ADFC-AB9B-4D36-B5C9-38F89B182FD3}.Release|Any CPU.Build.0 = Release|Any CPU
		{8B22E068-71F4-4EC8-8508-4A3EFA4EA2BF}.Debug|Any CPU.ActiveCfg = Debug|Any CPU
		{8B22E068-71F4-4EC8-8508-4A3EFA4EA2BF}.Debug|Any CPU.Build.0 = Debug|Any CPU
		{8B22E068-71F4-4EC8-8508-4A3EFA4EA2BF}.Release|Any CPU.ActiveCfg = Release|Any CPU
		{8B22E068-71F4-4EC8-8508-4A3EFA4EA2BF}.Release|Any CPU.Build.0 = Release|Any CPU
	EndGlobalSection
	GlobalSection(SolutionProperties) = preSolution
		HideSolutionNode = FALSE
	EndGlobalSection
	GlobalSection(ExtensibilityGlobals) = postSolution
		SolutionGuid = {DDDAB704-08FC-49BB-8B87-020F11EC4C2C}
	EndGlobalSection
EndGlobal
